
Microsoft Visual Studio Solution File, Format Version 12.00
# Visual Studio Version 16
VisualStudioVersion = 16.0.29424.173
MinimumVisualStudioVersion = 10.0.40219.1
Project("{9A19103F-16F7-4668-BE54-9A1E7A4F7556}") = "TestAppNetCoreMVC", "TestAppNetCoreMVC\TestAppNetCoreMVC.csproj", "{12163690-B6C5-4965-9511-324ADFDF8869}"
EndProject
Global
	GlobalSection(SolutionConfigurationPlatforms) = preSolution
		Debug|Any CPU = Debug|Any CPU
		Release|Any CPU = Release|Any CPU
	EndGlobalSection
	GlobalSection(ProjectConfigurationPlatforms) = postSolution
		{12163690-B6C5-4965-9511-324ADFDF8869}.Debug|Any CPU.ActiveCfg = Debug|Any CPU
		{12163690-B6C5-4965-9511-324ADFDF8869}.Debug|Any CPU.Build.0 = Debug|Any CPU
		{12163690-B6C5-4965-9511-324ADFDF8869}.Release|Any CPU.ActiveCfg = Release|Any CPU
		{12163690-B6C5-4965-9511-324ADFDF8869}.Release|Any CPU.Build.0 = Release|Any CPU
	EndGlobalSection
	GlobalSection(SolutionProperties) = preSolution
		HideSolutionNode = FALSE
	EndGlobalSection
	GlobalSection(ExtensibilityGlobals) = postSolution
		SolutionGuid = {DCDB49F5-4D38-486D-A57F-1FF3040A1860}
	EndGlobalSection
EndGlobal
